{
    "hash": "e87a654f25a183f68dc883c3fb5dd793",
    "packages": [
        {
            "package": "doctrine/common",
            "version": "2.2.2"
        },
        {
            "package": "doctrine/dbal",
            "version": "2.2.2"
        },
        {
            "package": "doctrine/orm",
            "version": "2.2.2"
        },
        {
            "package": "guilhermeblanco/zendframework1-doctrine2",
            "version": "master-dev",
            "source-reference": "master",
            "commit-date": "1340213002"
        },
        {
            "package": "php-pike/pike",
            "version": "dev-master",
            "source-reference": "c965095832c43e96c93d0272f93ce7fe2d551e78",
            "commit-date": "1343235474"
        },
        {
            "package": "zendframework/zendframework1",
            "version": "1.11.12"
        }
    ],
    "packages-dev": null,
    "aliases": [

    ],
    "minimum-stability": "stable",
    "stability-flags": {
        "php-pike/pike": 20,
        "guilhermeblanco/zendframework1-doctrine2": 20
    }
}
