{
    "hash": "e87a654f25a183f68dc883c3fb5dd793",
    "packages": [
        {
            "package": "breerly/zf1",
            "version": "1.11.11"
        },
        {
            "package": "doctrine/common",
            "version": "dev-master",
            "alias-pretty-version": "2.3.x-dev",
            "alias-version": "2.3.9999999.9999999-dev"
        },
        {
            "package": "doctrine/common",
            "version": "dev-master",
            "source-reference": "f0b548aa55bb7dac36d79061270a085dd38635b4"
        },
        {
            "package": "doctrine/dbal",
            "version": "dev-master",
            "alias-pretty-version": "2.3.x-dev",
            "alias-version": "2.3.9999999.9999999-dev"
        },
        {
            "package": "doctrine/dbal",
            "version": "dev-master",
            "source-reference": "2cac730bf48b384e3fdb4daf7d7847e3e42c5684"
        },
        {
            "package": "doctrine/orm",
            "version": "dev-master",
            "alias-pretty-version": "2.3.x-dev",
            "alias-version": "2.3.9999999.9999999-dev"
        },
        {
            "package": "doctrine/orm",
            "version": "dev-master",
            "source-reference": "a3210e78aa1dc461ac59b2ba8f4cc9da328392dd"
        },
        {
            "package": "guilhermeblanco/zendframework1-doctrine2",
            "version": "master-dev",
            "source-reference": "master"
        },
        {
            "package": "php-pike/pike",
            "version": "dev-master",
            "source-reference": "070abca557426e866c19aa0f53b63b4fe3b5e5de"
        },
        {
            "package": "symfony/console",
            "version": "dev-master",
            "alias-pretty-version": "2.1.x-dev",
            "alias-version": "2.1.9999999.9999999-dev"
        },
        {
            "package": "symfony/console",
            "version": "dev-master",
            "source-reference": "afc5ecf2967bf3510363535c0389ddc0f6284784"
        }
    ],
    "packages-dev": null,
    "aliases": [

    ],
    "minimum-stability": "dev",
    "stability-flags": {
        "php-pike/pike": 20,
        "guilhermeblanco/zendframework1-doctrine2": 20
    }
}
